{
  "name": "python_test",
  "lockfileVersion": 3,
  "requires": true,
  "packages": {
    "": {
      "dependencies": {
        "@azure/msal-browser": "^5.14.0",
        "@azure/msal-react": "^5.4.5"
      }
    },
    "node_modules/@azure/msal-browser": {
      "version": "5.14.0",
      "resolved": "https://registry.npmjs.org/@azure/msal-browser/-/msal-browser-5.14.0.tgz",
      "integrity": "sha512-Dfl7hPZe9/JJwRhFFXHq2z1oHYBuGubmff3kWXOsd1AGgyXlqjNYAWuN/1JL/ZrcZBs8TKMjGSil6Rcc7E8VPQ==",
      "license": "MIT",
      "dependencies": {
        "@azure/msal-common": "16.9.0"
      },
      "engines": {
        "node": ">=0.8.0"
      }
    },
    "node_modules/@azure/msal-common": {
      "version": "16.9.0",
      "resolved": "https://registry.npmjs.org/@azure/msal-common/-/msal-common-16.9.0.tgz",
      "integrity": "sha512-1MWGjqgUCRAYgLmVFZKp7fs3Rg1TFvIMgywY8ze2olNVvLlJoRThuoziWSDJuwwyJI5L4rnLb9Tyt5D9GvSLPw==",
      "license": "MIT",
      "engines": {
        "node": ">=0.8.0"
      }
    },
    "node_modules/@azure/msal-react": {
      "version": "5.4.5",
      "resolved": "https://registry.npmjs.org/@azure/msal-react/-/msal-react-5.4.5.tgz",
      "integrity": "sha512-/nQ3/hpzsRNwGE87GSWsw9+Iw2/ZtmWdteBa24C8LI+h7tuh57J2X+q15kupCRiWt+tS2tqIIsBVv7qbfTMq4w==",
      "license": "MIT",
      "engines": {
        "node": ">=20"
      },
      "peerDependencies": {
        "@azure/msal-browser": "^5.14.0",
        "react": "^16.8.0 || ^17 || ^18 || ^19.2.1"
      }
    },
    "node_modules/react": {
      "version": "19.2.7",
      "resolved": "https://registry.npmjs.org/react/-/react-19.2.7.tgz",
      "integrity": "sha512-HNe9WslTbXmFK8o8cmwgAeJFSBvt1bPdHCVKtaaV+WlAN36mpT4hcRpwbf3fY56ar2oIXzsBpOAiIRHAdY0OlQ==",
      "license": "MIT",
      "peer": true,
      "engines": {
        "node": ">=0.10.0"
      }
    }
  }
}
